// !$*UTF8*$!
{
	archiveVersion = 1;
	classes = {
	};
	objectVersion = 56;
	rootObject = 98F54143AB4E86B28C3AFEE0 /* Project object */;
	objects = {

/* Begin PBXBuildFile section */
		5A8B7A9F858B0D17DE3ECAD7 /* KrasaApp.swift in Sources */ = {isa = PBXBuildFile; fileRef = 5B7374B0D5EC1DDCB8C979DA /* KrasaApp.swift */; };
		2A8F5CFFD87674FB2B9862C3 /* ContentView.swift in Sources */ = {isa = PBXBuildFile; fileRef = 16260C585190F1B74295BB31 /* ContentView.swift */; };
		7A3C9E5B1D4F60829B7E3A5C /* ProjectStore.swift in Sources */ = {isa = PBXBuildFile; fileRef = 9C5E1A7D3B2F40618E9C5A7B /* ProjectStore.swift */; };
		2F6B8D4A9C1E30517F8A2D6C /* ProxyStore.swift in Sources */ = {isa = PBXBuildFile; fileRef = 4D8F2B6C1A9E50713D5C8F2A /* ProxyStore.swift */; };
		A1B2C3D4E5F6071829304A5B /* TitleExportRenderer.swift in Sources */ = {isa = PBXBuildFile; fileRef = B2C3D4E5F60718293A4B5C6D /* TitleExportRenderer.swift */; };
		C3D4E5F60718293A4B5C6D7E /* StillMovieStore.swift in Sources */ = {isa = PBXBuildFile; fileRef = D4E5F60718293A4B5C6D7E8F /* StillMovieStore.swift */; };
		E5F60718293A4B5C6D7E8F90 /* ColorCompositor.swift in Sources */ = {isa = PBXBuildFile; fileRef = F60718293A4B5C6D7E8F9012 /* ColorCompositor.swift */; };
		A1B2C3D4E5F6A7B8C9D0E1F2 /* SharpnessStore.swift in Sources */ = {isa = PBXBuildFile; fileRef = B2C3D4E5F6A7B8C9D0E1F2A3 /* SharpnessStore.swift */; };
		C3D4E5F6A7B8C9D0E1F2A3B4 /* EmptinessStore.swift in Sources */ = {isa = PBXBuildFile; fileRef = D4E5F6A7B8C9D0E1F2A3B4C5 /* EmptinessStore.swift */; };
		4B5D8B6164C2AA68F3B7B073 /* MediaImporter.swift in Sources */ = {isa = PBXBuildFile; fileRef = DEAEE8DA94BE24BFA4C09F61 /* MediaImporter.swift */; };
		10018FACF7C253DE3EA2AF0F /* VFRDetector.swift in Sources */ = {isa = PBXBuildFile; fileRef = 60F5DB175B37741ADE928956 /* VFRDetector.swift */; };
		B83C201C79F8240BBCBB539B /* PlaybackController.swift in Sources */ = {isa = PBXBuildFile; fileRef = 87BEF812E75F65304C3D45FF /* PlaybackController.swift */; };
		D7E8F9A0B1C2D3E4F5061728 /* CompositionBuilder.swift in Sources */ = {isa = PBXBuildFile; fileRef = E9F0A1B2C3D4E5F607182930 /* CompositionBuilder.swift */; };
		2D92BF1645FAEB9D099F10E6 /* PlayerView.swift in Sources */ = {isa = PBXBuildFile; fileRef = 99311C7072B0DEAD06939D03 /* PlayerView.swift */; };
		1F9F8B29E107494593AB0078 /* SystemConditions.swift in Sources */ = {isa = PBXBuildFile; fileRef = A457BB75BADC45205B9B3F69 /* SystemConditions.swift */; };
		3A7D1E5C9F2B40618D3C7A5E /* TimelineScrollBenchmark.swift in Sources */ = {isa = PBXBuildFile; fileRef = 5C2E8A4D1B7F30529E6D8C4A /* TimelineScrollBenchmark.swift */; };
		D8D296ED416C1618E779BF80 /* PlaybackBenchmark.swift in Sources */ = {isa = PBXBuildFile; fileRef = 9168C630193BE62D64B5B960 /* PlaybackBenchmark.swift */; };
		35F555F0783E426C92AA424B /* ProbeKit in Frameworks */ = {isa = PBXBuildFile; productRef = B0DAC348D3FBC2130428908B /* ProbeKit */; };
		D37162A8507F2462184062CA /* SpeedRampEngine in Frameworks */ = {isa = PBXBuildFile; productRef = AF884B639665597476B455E5 /* SpeedRampEngine */; };
		C4A1E9D2073B48F19A55D310 /* TimelineModel in Frameworks */ = {isa = PBXBuildFile; productRef = E7B26F4A15CD8B03D2914C68 /* TimelineModel */; };
		AE10D10E501AE24B7C3F0901 /* AudioEngine in Frameworks */ = {isa = PBXBuildFile; productRef = AE10D10E501AE24B7C3F0902 /* AudioEngine */; };
		AE10D10E501AE24B7C3F0904 /* LoudnessScanner.swift in Sources */ = {isa = PBXBuildFile; fileRef = AE10D10E501AE24B7C3F0905 /* LoudnessScanner.swift */; };
		AE10D10E501AE24B7C3F0906 /* MonoAudioReader.swift in Sources */ = {isa = PBXBuildFile; fileRef = AE10D10E501AE24B7C3F0907 /* MonoAudioReader.swift */; };
		AE10D10E501AE24B7C3F0908 /* TranscriptionService.swift in Sources */ = {isa = PBXBuildFile; fileRef = AE10D10E501AE24B7C3F0909 /* TranscriptionService.swift */; };
		AE10D10E501AE24B7C3F090A /* WhisperKit in Frameworks */ = {isa = PBXBuildFile; productRef = AE10D10E501AE24B7C3F090B /* WhisperKit */; };
		2F71D6C304AB859E1D3E7F0A /* TimelineController.swift in Sources */ = {isa = PBXBuildFile; fileRef = 5C0E48B9A17D3F62E0B95741 /* TimelineController.swift */; };
		A9E3B57C1F0842D6C7B93E15 /* TimelineDocumentView.swift in Sources */ = {isa = PBXBuildFile; fileRef = 6D82F4A0E51C7B394D06A2F8 /* TimelineDocumentView.swift */; };
		74CB19E8D3A05F2718BE6C40 /* TimelinePane.swift in Sources */ = {isa = PBXBuildFile; fileRef = 0B5A7D3629F41E8C5A72D094 /* TimelinePane.swift */; };
		A1B2C3D4E5F60718293A4B5C /* WaveformStore.swift in Sources */ = {isa = PBXBuildFile; fileRef = C5D6E7F8091A2B3C4D5E6F70 /* WaveformStore.swift */; };
		8B1E4D7A2C5F30619E8A4C2D /* RampEditorView.swift in Sources */ = {isa = PBXBuildFile; fileRef = 6D9C2A4E7B1F50318C6E9A3B /* RampEditorView.swift */; };
		C2F508B71A9E3D64B85072AF /* TimelineRulerView.swift in Sources */ = {isa = PBXBuildFile; fileRef = 3E7A1C9D5B08462FA1D73C86 /* TimelineRulerView.swift */; };
		1A6BD73E902F84C5D3106E7B /* TrackHeadersView.swift in Sources */ = {isa = PBXBuildFile; fileRef = 8D40E2FA6C31597B0E4AD1B3 /* TrackHeadersView.swift */; };
		F18200000000000000000001 /* DesignTokens.swift in Sources */ = {isa = PBXBuildFile; fileRef = F18100000000000000000001 /* DesignTokens.swift */; };
		F18200000000000000000002 /* AppShell.swift in Sources */ = {isa = PBXBuildFile; fileRef = F18100000000000000000002 /* AppShell.swift */; };
		F18200000000000000000003 /* KrasaToolbar.swift in Sources */ = {isa = PBXBuildFile; fileRef = F18100000000000000000003 /* KrasaToolbar.swift */; };
		F18200000000000000000004 /* IconRail.swift in Sources */ = {isa = PBXBuildFile; fileRef = F18100000000000000000004 /* IconRail.swift */; };
		F18200000000000000000005 /* ViewerPane.swift in Sources */ = {isa = PBXBuildFile; fileRef = F18100000000000000000005 /* ViewerPane.swift */; };
		F18200000000000000000006 /* StatusBar.swift in Sources */ = {isa = PBXBuildFile; fileRef = F18100000000000000000006 /* StatusBar.swift */; };
		F18200000000000000000007 /* LegacySettingsPanel.swift in Sources */ = {isa = PBXBuildFile; fileRef = F18100000000000000000007 /* LegacySettingsPanel.swift */; };
		F18200000000000000000008 /* ShellChecks.swift in Sources */ = {isa = PBXBuildFile; fileRef = F18100000000000000000008 /* ShellChecks.swift */; };
		F18200000000000000000009 /* AnalysisProgress.swift in Sources */ = {isa = PBXBuildFile; fileRef = F18100000000000000000009 /* AnalysisProgress.swift */; };
		F1820000000000000000000A /* TimelineLayerBar.swift in Sources */ = {isa = PBXBuildFile; fileRef = F1810000000000000000000A /* TimelineLayerBar.swift */; };
/* End PBXBuildFile section */

/* Begin PBXFileReference section */
		7D1043473D55BFA90E8530D3 /* Krasa.app */ = {isa = PBXFileReference; explicitFileType = wrapper.application; includeInIndex = 0; path = Krasa.app; sourceTree = BUILT_PRODUCTS_DIR; };
		5B7374B0D5EC1DDCB8C979DA /* KrasaApp.swift */ = {isa = PBXFileReference; lastKnownFileType = sourcecode.swift; path = KrasaApp.swift; sourceTree = "<group>"; };
		16260C585190F1B74295BB31 /* ContentView.swift */ = {isa = PBXFileReference; lastKnownFileType = sourcecode.swift; path = ContentView.swift; sourceTree = "<group>"; };
		9C5E1A7D3B2F40618E9C5A7B /* ProjectStore.swift */ = {isa = PBXFileReference; lastKnownFileType = sourcecode.swift; path = ProjectStore.swift; sourceTree = "<group>"; };
		4D8F2B6C1A9E50713D5C8F2A /* ProxyStore.swift */ = {isa = PBXFileReference; lastKnownFileType = sourcecode.swift; path = ProxyStore.swift; sourceTree = "<group>"; };
		B2C3D4E5F60718293A4B5C6D /* TitleExportRenderer.swift */ = {isa = PBXFileReference; lastKnownFileType = sourcecode.swift; path = TitleExportRenderer.swift; sourceTree = "<group>"; };
		D4E5F60718293A4B5C6D7E8F /* StillMovieStore.swift */ = {isa = PBXFileReference; lastKnownFileType = sourcecode.swift; path = StillMovieStore.swift; sourceTree = "<group>"; };
		F60718293A4B5C6D7E8F9012 /* ColorCompositor.swift */ = {isa = PBXFileReference; lastKnownFileType = sourcecode.swift; path = ColorCompositor.swift; sourceTree = "<group>"; };
		B2C3D4E5F6A7B8C9D0E1F2A3 /* SharpnessStore.swift */ = {isa = PBXFileReference; lastKnownFileType = sourcecode.swift; path = SharpnessStore.swift; sourceTree = "<group>"; };
		D4E5F6A7B8C9D0E1F2A3B4C5 /* EmptinessStore.swift */ = {isa = PBXFileReference; lastKnownFileType = sourcecode.swift; path = EmptinessStore.swift; sourceTree = "<group>"; };
		DEAEE8DA94BE24BFA4C09F61 /* MediaImporter.swift */ = {isa = PBXFileReference; lastKnownFileType = sourcecode.swift; path = MediaImporter.swift; sourceTree = "<group>"; };
		60F5DB175B37741ADE928956 /* VFRDetector.swift */ = {isa = PBXFileReference; lastKnownFileType = sourcecode.swift; path = VFRDetector.swift; sourceTree = "<group>"; };
		87BEF812E75F65304C3D45FF /* PlaybackController.swift */ = {isa = PBXFileReference; lastKnownFileType = sourcecode.swift; path = PlaybackController.swift; sourceTree = "<group>"; };
		E9F0A1B2C3D4E5F607182930 /* CompositionBuilder.swift */ = {isa = PBXFileReference; lastKnownFileType = sourcecode.swift; path = CompositionBuilder.swift; sourceTree = "<group>"; };
		AE10D10E501AE24B7C3F0905 /* LoudnessScanner.swift */ = {isa = PBXFileReference; lastKnownFileType = sourcecode.swift; path = LoudnessScanner.swift; sourceTree = "<group>"; };
		AE10D10E501AE24B7C3F0907 /* MonoAudioReader.swift */ = {isa = PBXFileReference; lastKnownFileType = sourcecode.swift; path = MonoAudioReader.swift; sourceTree = "<group>"; };
		AE10D10E501AE24B7C3F0909 /* TranscriptionService.swift */ = {isa = PBXFileReference; lastKnownFileType = sourcecode.swift; path = TranscriptionService.swift; sourceTree = "<group>"; };
		99311C7072B0DEAD06939D03 /* PlayerView.swift */ = {isa = PBXFileReference; lastKnownFileType = sourcecode.swift; path = PlayerView.swift; sourceTree = "<group>"; };
		A457BB75BADC45205B9B3F69 /* SystemConditions.swift */ = {isa = PBXFileReference; lastKnownFileType = sourcecode.swift; path = SystemConditions.swift; sourceTree = "<group>"; };
		5C2E8A4D1B7F30529E6D8C4A /* TimelineScrollBenchmark.swift */ = {isa = PBXFileReference; lastKnownFileType = sourcecode.swift; path = TimelineScrollBenchmark.swift; sourceTree = "<group>"; };
		9168C630193BE62D64B5B960 /* PlaybackBenchmark.swift */ = {isa = PBXFileReference; lastKnownFileType = sourcecode.swift; path = PlaybackBenchmark.swift; sourceTree = "<group>"; };
		E8CE4721331CF75E9478C7F2 /* Krasa.entitlements */ = {isa = PBXFileReference; lastKnownFileType = text.plist.entitlements; path = Krasa.entitlements; sourceTree = "<group>"; };
		5C0E48B9A17D3F62E0B95741 /* TimelineController.swift */ = {isa = PBXFileReference; lastKnownFileType = sourcecode.swift; path = TimelineController.swift; sourceTree = "<group>"; };
		6D82F4A0E51C7B394D06A2F8 /* TimelineDocumentView.swift */ = {isa = PBXFileReference; lastKnownFileType = sourcecode.swift; path = TimelineDocumentView.swift; sourceTree = "<group>"; };
		0B5A7D3629F41E8C5A72D094 /* TimelinePane.swift */ = {isa = PBXFileReference; lastKnownFileType = sourcecode.swift; path = TimelinePane.swift; sourceTree = "<group>"; };
		C5D6E7F8091A2B3C4D5E6F70 /* WaveformStore.swift */ = {isa = PBXFileReference; lastKnownFileType = sourcecode.swift; path = WaveformStore.swift; sourceTree = "<group>"; };
		6D9C2A4E7B1F50318C6E9A3B /* RampEditorView.swift */ = {isa = PBXFileReference; lastKnownFileType = sourcecode.swift; path = RampEditorView.swift; sourceTree = "<group>"; };
		3E7A1C9D5B08462FA1D73C86 /* TimelineRulerView.swift */ = {isa = PBXFileReference; lastKnownFileType = sourcecode.swift; path = TimelineRulerView.swift; sourceTree = "<group>"; };
		8D40E2FA6C31597B0E4AD1B3 /* TrackHeadersView.swift */ = {isa = PBXFileReference; lastKnownFileType = sourcecode.swift; path = TrackHeadersView.swift; sourceTree = "<group>"; };
		F18100000000000000000001 /* DesignTokens.swift */ = {isa = PBXFileReference; lastKnownFileType = sourcecode.swift; path = DesignTokens.swift; sourceTree = "<group>"; };
		F18100000000000000000002 /* AppShell.swift */ = {isa = PBXFileReference; lastKnownFileType = sourcecode.swift; path = AppShell.swift; sourceTree = "<group>"; };
		F18100000000000000000003 /* KrasaToolbar.swift */ = {isa = PBXFileReference; lastKnownFileType = sourcecode.swift; path = KrasaToolbar.swift; sourceTree = "<group>"; };
		F18100000000000000000004 /* IconRail.swift */ = {isa = PBXFileReference; lastKnownFileType = sourcecode.swift; path = IconRail.swift; sourceTree = "<group>"; };
		F18100000000000000000005 /* ViewerPane.swift */ = {isa = PBXFileReference; lastKnownFileType = sourcecode.swift; path = ViewerPane.swift; sourceTree = "<group>"; };
		F18100000000000000000006 /* StatusBar.swift */ = {isa = PBXFileReference; lastKnownFileType = sourcecode.swift; path = StatusBar.swift; sourceTree = "<group>"; };
		F18100000000000000000007 /* LegacySettingsPanel.swift */ = {isa = PBXFileReference; lastKnownFileType = sourcecode.swift; path = LegacySettingsPanel.swift; sourceTree = "<group>"; };
		F18100000000000000000008 /* ShellChecks.swift */ = {isa = PBXFileReference; lastKnownFileType = sourcecode.swift; path = ShellChecks.swift; sourceTree = "<group>"; };
		F18100000000000000000009 /* AnalysisProgress.swift */ = {isa = PBXFileReference; lastKnownFileType = sourcecode.swift; path = AnalysisProgress.swift; sourceTree = "<group>"; };
		F1810000000000000000000A /* TimelineLayerBar.swift */ = {isa = PBXFileReference; lastKnownFileType = sourcecode.swift; path = TimelineLayerBar.swift; sourceTree = "<group>"; };
/* End PBXFileReference section */

/* Begin PBXFrameworksBuildPhase section */
		7561BFB015D8F536760CB671 /* Frameworks */ = {
			isa = PBXFrameworksBuildPhase;
			buildActionMask = 2147483647;
			files = (
				35F555F0783E426C92AA424B /* ProbeKit in Frameworks */,
				D37162A8507F2462184062CA /* SpeedRampEngine in Frameworks */,
				C4A1E9D2073B48F19A55D310 /* TimelineModel in Frameworks */,
				AE10D10E501AE24B7C3F0901 /* AudioEngine in Frameworks */,
				AE10D10E501AE24B7C3F090A /* WhisperKit in Frameworks */,
			);
			runOnlyForDeploymentPostprocessing = 0;
		};
/* End PBXFrameworksBuildPhase section */

/* Begin PBXGroup section */
		DF891E785808226D241F246E /* Krasa */ = {
			isa = PBXGroup;
			children = (
				CF8D0BD4B75E8C2C174692A5 /* Krasa */,
				00C45FD35CB0F9C5F764F070 /* Products */,
			);
			name = Krasa;
			sourceTree = "<group>";
		};
		00C45FD35CB0F9C5F764F070 /* Products */ = {
			isa = PBXGroup;
			children = (
				7D1043473D55BFA90E8530D3 /* Krasa.app */,
			);
			name = Products;
			sourceTree = "<group>";
		};
		CF8D0BD4B75E8C2C174692A5 /* Krasa */ = {
			isa = PBXGroup;
			children = (
				5B7374B0D5EC1DDCB8C979DA /* KrasaApp.swift */,
				16260C585190F1B74295BB31 /* ContentView.swift */,
				BD13434066203B2825EE5A5F /* Media */,
				34AA73FFCE9BBCC557385235 /* Measure */,
				8B4A0F27C6D91E53B7402AD8 /* Timeline */,
				F18000000000000000000001 /* UI */,
				E8CE4721331CF75E9478C7F2 /* Krasa.entitlements */,
			);
			path = Krasa;
			sourceTree = "<group>";
		};
		BD13434066203B2825EE5A5F /* Media */ = {
			isa = PBXGroup;
			children = (
				9C5E1A7D3B2F40618E9C5A7B /* ProjectStore.swift */,
				4D8F2B6C1A9E50713D5C8F2A /* ProxyStore.swift */,
				DEAEE8DA94BE24BFA4C09F61 /* MediaImporter.swift */,
				60F5DB175B37741ADE928956 /* VFRDetector.swift */,
				87BEF812E75F65304C3D45FF /* PlaybackController.swift */,
				E9F0A1B2C3D4E5F607182930 /* CompositionBuilder.swift */,
				AE10D10E501AE24B7C3F0905 /* LoudnessScanner.swift */,
				B2C3D4E5F60718293A4B5C6D /* TitleExportRenderer.swift */,
				D4E5F60718293A4B5C6D7E8F /* StillMovieStore.swift */,
				F60718293A4B5C6D7E8F9012 /* ColorCompositor.swift */,
				B2C3D4E5F6A7B8C9D0E1F2A3 /* SharpnessStore.swift */,
				D4E5F6A7B8C9D0E1F2A3B4C5 /* EmptinessStore.swift */,
				AE10D10E501AE24B7C3F0907 /* MonoAudioReader.swift */,
				AE10D10E501AE24B7C3F0909 /* TranscriptionService.swift */,
				99311C7072B0DEAD06939D03 /* PlayerView.swift */,
			);
			path = Media;
			sourceTree = "<group>";
		};
		34AA73FFCE9BBCC557385235 /* Measure */ = {
			isa = PBXGroup;
			children = (
				A457BB75BADC45205B9B3F69 /* SystemConditions.swift */,
				5C2E8A4D1B7F30529E6D8C4A /* TimelineScrollBenchmark.swift */,
				9168C630193BE62D64B5B960 /* PlaybackBenchmark.swift */,
				F18100000000000000000008 /* ShellChecks.swift */,
			);
			path = Measure;
			sourceTree = "<group>";
		};
		8B4A0F27C6D91E53B7402AD8 /* Timeline */ = {
			isa = PBXGroup;
			children = (
				5C0E48B9A17D3F62E0B95741 /* TimelineController.swift */,
				6D82F4A0E51C7B394D06A2F8 /* TimelineDocumentView.swift */,
				0B5A7D3629F41E8C5A72D094 /* TimelinePane.swift */,
				C5D6E7F8091A2B3C4D5E6F70 /* WaveformStore.swift */,
				8D40E2FA6C31597B0E4AD1B3 /* TrackHeadersView.swift */,
				6D9C2A4E7B1F50318C6E9A3B /* RampEditorView.swift */,
				3E7A1C9D5B08462FA1D73C86 /* TimelineRulerView.swift */,
			);
			path = Timeline;
			sourceTree = "<group>";
		};
		F18000000000000000000001 /* UI */ = {
			isa = PBXGroup;
			children = (
				F18000000000000000000002 /* Shell */,
			);
			path = UI;
			sourceTree = "<group>";
		};
		F18000000000000000000002 /* Shell */ = {
			isa = PBXGroup;
			children = (
				F18100000000000000000001 /* DesignTokens.swift */,
				F18100000000000000000002 /* AppShell.swift */,
				F18100000000000000000003 /* KrasaToolbar.swift */,
				F18100000000000000000004 /* IconRail.swift */,
				F18100000000000000000005 /* ViewerPane.swift */,
				F18100000000000000000006 /* StatusBar.swift */,
				F18100000000000000000009 /* AnalysisProgress.swift */,
				F1810000000000000000000A /* TimelineLayerBar.swift */,
				F18100000000000000000007 /* LegacySettingsPanel.swift */,
			);
			path = Shell;
			sourceTree = "<group>";
		};
/* End PBXGroup section */

/* Begin PBXNativeTarget section */
		0E8A3AD980EC179856012B7E /* Krasa */ = {
			isa = PBXNativeTarget;
			buildConfigurationList = ED59008E052259AC151C5C09 /* Build configuration list for PBXNativeTarget "Krasa" */;
			buildPhases = (
				BCE16DD0260827ECF338C787 /* Sources */,
				7561BFB015D8F536760CB671 /* Frameworks */,
				0189424A5A60FED329FA868E /* Resources */,
			);
			buildRules = (
			);
			dependencies = (
			);
			name = Krasa;
			packageProductDependencies = (
				B0DAC348D3FBC2130428908B /* ProbeKit */,
				AF884B639665597476B455E5 /* SpeedRampEngine */,
				E7B26F4A15CD8B03D2914C68 /* TimelineModel */,
				AE10D10E501AE24B7C3F0902 /* AudioEngine */,
				AE10D10E501AE24B7C3F090B /* WhisperKit */,
			);
			productName = Krasa;
			productReference = 7D1043473D55BFA90E8530D3 /* Krasa.app */;
			productType = "com.apple.product-type.application";
		};
/* End PBXNativeTarget section */

/* Begin PBXProject section */
		98F54143AB4E86B28C3AFEE0 /* Project object */ = {
			isa = PBXProject;
			attributes = {
				BuildIndependentTargetsInParallel = 1;
				LastSwiftUpdateCheck = 1600;
				LastUpgradeCheck = 1600;
				TargetAttributes = {
					0E8A3AD980EC179856012B7E = {
						CreatedOnToolsVersion = 16.0;
					};
				};
			};
			buildConfigurationList = 7198B1A165AEE41CD0DEE38D /* Build configuration list for PBXProject "Krasa" */;
			developmentRegion = en;
			hasScannedForEncodings = 0;
			knownRegions = (
				en,
				Base,
			);
			mainGroup = DF891E785808226D241F246E /* Krasa */;
			packageReferences = (
				3035421092D70BB86EE474F3 /* XCLocalSwiftPackageReference "../MediaProbe" */,
				2BCE1BA8852C9332D0F8EFE2 /* XCLocalSwiftPackageReference "../SpeedRampEngine" */,
				9A3D5C81B24E7F0658AD1E92 /* XCLocalSwiftPackageReference "../TimelineModel" */,
				AE10D10E501AE24B7C3F0903 /* XCLocalSwiftPackageReference "../AudioEngine" */,
				AE10D10E501AE24B7C3F090C /* XCRemoteSwiftPackageReference "argmax-oss-swift" */,
			);
			productRefGroup = 00C45FD35CB0F9C5F764F070 /* Products */;
			projectDirPath = "";
			projectRoot = "";
			targets = (
				0E8A3AD980EC179856012B7E /* Krasa */,
			);
		};
/* End PBXProject section */

/* Begin PBXResourcesBuildPhase section */
		0189424A5A60FED329FA868E /* Resources */ = {
			isa = PBXResourcesBuildPhase;
			buildActionMask = 2147483647;
			files = (
			);
			runOnlyForDeploymentPostprocessing = 0;
		};
/* End PBXResourcesBuildPhase section */

/* Begin PBXSourcesBuildPhase section */
		BCE16DD0260827ECF338C787 /* Sources */ = {
			isa = PBXSourcesBuildPhase;
			buildActionMask = 2147483647;
			files = (
				5A8B7A9F858B0D17DE3ECAD7 /* KrasaApp.swift in Sources */,
				2A8F5CFFD87674FB2B9862C3 /* ContentView.swift in Sources */,
				7A3C9E5B1D4F60829B7E3A5C /* ProjectStore.swift in Sources */,
				2F6B8D4A9C1E30517F8A2D6C /* ProxyStore.swift in Sources */,
				A1B2C3D4E5F6071829304A5B /* TitleExportRenderer.swift in Sources */,
				C3D4E5F60718293A4B5C6D7E /* StillMovieStore.swift in Sources */,
				E5F60718293A4B5C6D7E8F90 /* ColorCompositor.swift in Sources */,
				A1B2C3D4E5F6A7B8C9D0E1F2 /* SharpnessStore.swift in Sources */,
				C3D4E5F6A7B8C9D0E1F2A3B4 /* EmptinessStore.swift in Sources */,
				4B5D8B6164C2AA68F3B7B073 /* MediaImporter.swift in Sources */,
				10018FACF7C253DE3EA2AF0F /* VFRDetector.swift in Sources */,
				B83C201C79F8240BBCBB539B /* PlaybackController.swift in Sources */,
				D7E8F9A0B1C2D3E4F5061728 /* CompositionBuilder.swift in Sources */,
				AE10D10E501AE24B7C3F0904 /* LoudnessScanner.swift in Sources */,
				AE10D10E501AE24B7C3F0906 /* MonoAudioReader.swift in Sources */,
				AE10D10E501AE24B7C3F0908 /* TranscriptionService.swift in Sources */,
				2D92BF1645FAEB9D099F10E6 /* PlayerView.swift in Sources */,
				1F9F8B29E107494593AB0078 /* SystemConditions.swift in Sources */,
				3A7D1E5C9F2B40618D3C7A5E /* TimelineScrollBenchmark.swift in Sources */,
				D8D296ED416C1618E779BF80 /* PlaybackBenchmark.swift in Sources */,
				F18200000000000000000008 /* ShellChecks.swift in Sources */,
				2F71D6C304AB859E1D3E7F0A /* TimelineController.swift in Sources */,
				A9E3B57C1F0842D6C7B93E15 /* TimelineDocumentView.swift in Sources */,
				74CB19E8D3A05F2718BE6C40 /* TimelinePane.swift in Sources */,
				A1B2C3D4E5F60718293A4B5C /* WaveformStore.swift in Sources */,
				1A6BD73E902F84C5D3106E7B /* TrackHeadersView.swift in Sources */,
				8B1E4D7A2C5F30619E8A4C2D /* RampEditorView.swift in Sources */,
				C2F508B71A9E3D64B85072AF /* TimelineRulerView.swift in Sources */,
				F18200000000000000000001 /* DesignTokens.swift in Sources */,
				F18200000000000000000002 /* AppShell.swift in Sources */,
				F18200000000000000000003 /* KrasaToolbar.swift in Sources */,
				F18200000000000000000004 /* IconRail.swift in Sources */,
				F18200000000000000000005 /* ViewerPane.swift in Sources */,
				F18200000000000000000006 /* StatusBar.swift in Sources */,
				F18200000000000000000009 /* AnalysisProgress.swift in Sources */,
				F1820000000000000000000A /* TimelineLayerBar.swift in Sources */,
				F18200000000000000000007 /* LegacySettingsPanel.swift in Sources */,
			);
			runOnlyForDeploymentPostprocessing = 0;
		};
/* End PBXSourcesBuildPhase section */

/* Begin XCBuildConfiguration section */
		855D4B0C75ECD556474FD8F5 /* Debug */ = {
			isa = XCBuildConfiguration;
			buildSettings = {
				ALWAYS_SEARCH_USER_PATHS = NO;
				CLANG_ENABLE_MODULES = YES;
				CLANG_ENABLE_OBJC_ARC = YES;
				COPY_PHASE_STRIP = NO;
				DEBUG_INFORMATION_FORMAT = dwarf;
				ENABLE_STRICT_OBJC_MSGSEND = YES;
				ENABLE_TESTABILITY = YES;
				GCC_NO_COMMON_BLOCKS = YES;
				GCC_OPTIMIZATION_LEVEL = 0;
				MACOSX_DEPLOYMENT_TARGET = 14.0;
				ONLY_ACTIVE_ARCH = YES;
				SDKROOT = macosx;
				SWIFT_ACTIVE_COMPILATION_CONDITIONS = "DEBUG $(inherited)";
				SWIFT_OPTIMIZATION_LEVEL = "-Onone";
				SWIFT_VERSION = 5.0;
			};
			name = Debug;
		};
		4E74312DBBD620AE1CB5D771 /* Release */ = {
			isa = XCBuildConfiguration;
			buildSettings = {
				ALWAYS_SEARCH_USER_PATHS = NO;
				CLANG_ENABLE_MODULES = YES;
				CLANG_ENABLE_OBJC_ARC = YES;
				COPY_PHASE_STRIP = NO;
				DEBUG_INFORMATION_FORMAT = "dwarf-with-dsym";
				ENABLE_NS_ASSERTIONS = NO;
				ENABLE_STRICT_OBJC_MSGSEND = YES;
				GCC_NO_COMMON_BLOCKS = YES;
				MACOSX_DEPLOYMENT_TARGET = 14.0;
				SDKROOT = macosx;
				SWIFT_COMPILATION_MODE = wholemodule;
				SWIFT_VERSION = 5.0;
			};
			name = Release;
		};
		112DB64EE5DD2663C7F9CA6C /* Debug */ = {
			isa = XCBuildConfiguration;
			buildSettings = {
				CODE_SIGN_ENTITLEMENTS = Krasa/Krasa.entitlements;
				CODE_SIGN_IDENTITY = "-";
				CODE_SIGN_STYLE = Manual;
				COMBINE_HIDPI_IMAGES = YES;
				CURRENT_PROJECT_VERSION = 1;
				DEVELOPMENT_TEAM = "";
				ENABLE_HARDENED_RUNTIME = NO;
				GENERATE_INFOPLIST_FILE = YES;
				INFOPLIST_KEY_NSHumanReadableCopyright = "";
				LD_RUNPATH_SEARCH_PATHS = (
					"$(inherited)",
					"@executable_path/../Frameworks",
				);
				MARKETING_VERSION = 0.1;
				PRODUCT_BUNDLE_IDENTIFIER = cz.projektkrasa.Krasa;
				PRODUCT_NAME = "$(TARGET_NAME)";
				PROVISIONING_PROFILE_SPECIFIER = "";
				SWIFT_EMIT_LOC_STRINGS = YES;
			};
			name = Debug;
		};
		1DD7FB0A527F4C0E67C68D57 /* Release */ = {
			isa = XCBuildConfiguration;
			buildSettings = {
				CODE_SIGN_ENTITLEMENTS = Krasa/Krasa.entitlements;
				CODE_SIGN_IDENTITY = "-";
				CODE_SIGN_STYLE = Manual;
				COMBINE_HIDPI_IMAGES = YES;
				CURRENT_PROJECT_VERSION = 1;
				DEVELOPMENT_TEAM = "";
				ENABLE_HARDENED_RUNTIME = NO;
				GENERATE_INFOPLIST_FILE = YES;
				INFOPLIST_KEY_NSHumanReadableCopyright = "";
				LD_RUNPATH_SEARCH_PATHS = (
					"$(inherited)",
					"@executable_path/../Frameworks",
				);
				MARKETING_VERSION = 0.1;
				PRODUCT_BUNDLE_IDENTIFIER = cz.projektkrasa.Krasa;
				PRODUCT_NAME = "$(TARGET_NAME)";
				PROVISIONING_PROFILE_SPECIFIER = "";
				SWIFT_EMIT_LOC_STRINGS = YES;
			};
			name = Release;
		};
/* End XCBuildConfiguration section */

/* Begin XCConfigurationList section */
		7198B1A165AEE41CD0DEE38D /* Build configuration list for PBXProject "Krasa" */ = {
			isa = XCConfigurationList;
			buildConfigurations = (
				855D4B0C75ECD556474FD8F5 /* Debug */,
				4E74312DBBD620AE1CB5D771 /* Release */,
			);
			defaultConfigurationIsVisible = 0;
			defaultConfigurationName = Release;
		};
		ED59008E052259AC151C5C09 /* Build configuration list for PBXNativeTarget "Krasa" */ = {
			isa = XCConfigurationList;
			buildConfigurations = (
				112DB64EE5DD2663C7F9CA6C /* Debug */,
				1DD7FB0A527F4C0E67C68D57 /* Release */,
			);
			defaultConfigurationIsVisible = 0;
			defaultConfigurationName = Release;
		};
/* End XCConfigurationList section */

/* Begin XCLocalSwiftPackageReference section */
		3035421092D70BB86EE474F3 /* XCLocalSwiftPackageReference "../MediaProbe" */ = {
			isa = XCLocalSwiftPackageReference;
			relativePath = ../MediaProbe;
		};
		2BCE1BA8852C9332D0F8EFE2 /* XCLocalSwiftPackageReference "../SpeedRampEngine" */ = {
			isa = XCLocalSwiftPackageReference;
			relativePath = ../SpeedRampEngine;
		};
		9A3D5C81B24E7F0658AD1E92 /* XCLocalSwiftPackageReference "../TimelineModel" */ = {
			isa = XCLocalSwiftPackageReference;
			relativePath = ../TimelineModel;
		};
		AE10D10E501AE24B7C3F0903 /* XCLocalSwiftPackageReference "../AudioEngine" */ = {
			isa = XCLocalSwiftPackageReference;
			relativePath = ../AudioEngine;
		};
/* End XCLocalSwiftPackageReference section */

/* Begin XCRemoteSwiftPackageReference section */
		AE10D10E501AE24B7C3F090C /* XCRemoteSwiftPackageReference "argmax-oss-swift" */ = {
			isa = XCRemoteSwiftPackageReference;
			repositoryURL = "https://github.com/argmaxinc/argmax-oss-swift";
			requirement = {
				kind = upToNextMajorVersion;
				minimumVersion = 1.0.0;
			};
		};
/* End XCRemoteSwiftPackageReference section */

/* Begin XCSwiftPackageProductDependency section */
		B0DAC348D3FBC2130428908B /* ProbeKit */ = {
			isa = XCSwiftPackageProductDependency;
			productName = ProbeKit;
		};
		AF884B639665597476B455E5 /* SpeedRampEngine */ = {
			isa = XCSwiftPackageProductDependency;
			productName = SpeedRampEngine;
		};
		E7B26F4A15CD8B03D2914C68 /* TimelineModel */ = {
			isa = XCSwiftPackageProductDependency;
			productName = TimelineModel;
		};
		AE10D10E501AE24B7C3F0902 /* AudioEngine */ = {
			isa = XCSwiftPackageProductDependency;
			productName = AudioEngine;
		};
		AE10D10E501AE24B7C3F090B /* WhisperKit */ = {
			isa = XCSwiftPackageProductDependency;
			package = AE10D10E501AE24B7C3F090C /* XCRemoteSwiftPackageReference "argmax-oss-swift" */;
			productName = WhisperKit;
		};
/* End XCSwiftPackageProductDependency section */
	};
}
